
Microsoft Visual Studio Solution File, Format Version 12.00
# Visual Studio Version 17
VisualStudioVersion = 17.11.35312.102
MinimumVisualStudioVersion = 10.0.40219.1
Project("{8BC9CEB8-8B4A-11D0-8D11-00A0C91BC942}") = "Homogenous cordinates", "Homogenous cordinates\Homogenous cordinates.vcxproj", "{25A692E5-A12E-4818-A158-9BC6C0B29B63}"
EndProject
Project("{8BC9CEB8-8B4A-11D0-8D11-00A0C91BC942}") = "ImGuiLib", "ImGuiLib\ImGuiLib.vcxproj", "{CF2890C0-1B5A-44A8-9352-215F400F66EB}"
EndProject
Project("{54435603-DBB4-11D2-8724-00A0C9A8B90C}") = "Setup", "Setup\Setup.vdproj", "{191B7D8F-A81D-4641-A73B-838BC3C68D92}"
EndProject
Global
	GlobalSection(SolutionConfigurationPlatforms) = preSolution
		Debug|x64 = Debug|x64
		Debug|x86 = Debug|x86
		Release|x64 = Release|x64
		Release|x86 = Release|x86
	EndGlobalSection
	GlobalSection(ProjectConfigurationPlatforms) = postSolution
		{25A692E5-A12E-4818-A158-9BC6C0B29B63}.Debug|x64.ActiveCfg = Debug|x64
		{25A692E5-A12E-4818-A158-9BC6C0B29B63}.Debug|x64.Build.0 = Debug|x64
		{25A692E5-A12E-4818-A158-9BC6C0B29B63}.Debug|x86.ActiveCfg = Debug|Win32
		{25A692E5-A12E-4818-A158-9BC6C0B29B63}.Debug|x86.Build.0 = Debug|Win32
		{25A692E5-A12E-4818-A158-9BC6C0B29B63}.Release|x64.ActiveCfg = Release|x64
		{25A692E5-A12E-4818-A158-9BC6C0B29B63}.Release|x64.Build.0 = Release|x64
		{25A692E5-A12E-4818-A158-9BC6C0B29B63}.Release|x86.ActiveCfg = Release|Win32
		{25A692E5-A12E-4818-A158-9BC6C0B29B63}.Release|x86.Build.0 = Release|Win32
		{CF2890C0-1B5A-44A8-9352-215F400F66EB}.Debug|x64.ActiveCfg = Debug|x64
		{CF2890C0-1B5A-44A8-9352-215F400F66EB}.Debug|x64.Build.0 = Debug|x64
		{CF2890C0-1B5A-44A8-9352-215F400F66EB}.Debug|x86.ActiveCfg = Debug|Win32
		{CF2890C0-1B5A-44A8-9352-215F400F66EB}.Debug|x86.Build.0 = Debug|Win32
		{CF2890C0-1B5A-44A8-9352-215F400F66EB}.Release|x64.ActiveCfg = Release|x64
		{CF2890C0-1B5A-44A8-9352-215F400F66EB}.Release|x64.Build.0 = Release|x64
		{CF2890C0-1B5A-44A8-9352-215F400F66EB}.Release|x86.ActiveCfg = Release|Win32
		{CF2890C0-1B5A-44A8-9352-215F400F66EB}.Release|x86.Build.0 = Release|Win32
		{191B7D8F-A81D-4641-A73B-838BC3C68D92}.Debug|x64.ActiveCfg = Debug
		{191B7D8F-A81D-4641-A73B-838BC3C68D92}.Debug|x86.ActiveCfg = Debug
		{191B7D8F-A81D-4641-A73B-838BC3C68D92}.Release|x64.ActiveCfg = Release
		{191B7D8F-A81D-4641-A73B-838BC3C68D92}.Release|x86.ActiveCfg = Release
	EndGlobalSection
	GlobalSection(SolutionProperties) = preSolution
		HideSolutionNode = FALSE
	EndGlobalSection
	GlobalSection(ExtensibilityGlobals) = postSolution
		SolutionGuid = {ADA7E2DC-D03C-46BC-B0F9-944B5748AA19}
	EndGlobalSection
EndGlobal
